{
  "name": "bond",
  "version": "1.0.0-draft.1",
  "lockfileVersion": 3,
  "requires": true,
  "packages": {
    "": {
      "name": "bond",
      "version": "1.0.0-draft.1",
      "license": "MIT",
      "workspaces": [
        "packages/*",
        "adapters/*"
      ],
      "devDependencies": {
        "@types/node": "22.20.2",
        "typescript": "5.9.3"
      },
      "engines": {
        "node": ">=22.5.0"
      }
    },
    "adapters/fixture": {
      "name": "@latticeag/bond-adapters-fixture",
      "version": "1.0.0-draft.1",
      "license": "MIT",
      "dependencies": {
        "@latticeag/bond-core": "1.0.0-draft.1"
      }
    },
    "adapters/native": {
      "name": "@latticeag/bond-adapters-native",
      "version": "1.0.0-draft.1",
      "license": "MIT",
      "dependencies": {
        "@latticeag/bond-core": "1.0.0-draft.1"
      }
    },
    "node_modules/@latticeag/bond-adapters-fixture": {
      "resolved": "adapters/fixture",
      "link": true
    },
    "node_modules/@latticeag/bond-adapters-native": {
      "resolved": "adapters/native",
      "link": true
    },
    "node_modules/@latticeag/bond-cli": {
      "resolved": "packages/cli",
      "link": true
    },
    "node_modules/@latticeag/bond-core": {
      "resolved": "packages/core",
      "link": true
    },
    "node_modules/@latticeag/bond-host": {
      "resolved": "packages/host",
      "link": true
    },
    "node_modules/@latticeag/bond-sdk": {
      "resolved": "packages/sdk",
      "link": true
    },
    "node_modules/@types/node": {
      "version": "22.20.2",
      "resolved": "https://registry.npmjs.org/@types/node/-/node-22.20.2.tgz",
      "integrity": "sha512-xlvWf4Vs9n1PEVYwP1n4vvG07M6y8WgvJ2t0vbrWTmijsIHp1cS+uJ2kMIRdY3nHZK0nCYKrPeD171+SzF4/zw==",
      "dev": true,
      "license": "MIT",
      "dependencies": {
        "undici-types": "~6.21.0"
      }
    },
    "node_modules/typescript": {
      "version": "5.9.3",
      "resolved": "https://registry.npmjs.org/typescript/-/typescript-5.9.3.tgz",
      "integrity": "sha512-jl1vZzPDinLr9eUt3J/t7V6FgNEw9QjvBPdysz9KfQDD41fQrC2Y4vKQdiaUpFT4bXlb1RHhLpp8wtm6M5TgSw==",
      "dev": true,
      "license": "Apache-2.0",
      "bin": {
        "tsc": "bin/tsc",
        "tsserver": "bin/tsserver"
      },
      "engines": {
        "node": ">=14.17"
      }
    },
    "node_modules/undici-types": {
      "version": "6.21.0",
      "resolved": "https://registry.npmjs.org/undici-types/-/undici-types-6.21.0.tgz",
      "integrity": "sha512-iwDZqg0QAGrg9Rav5H4n0M64c3mkR59cJ6wQp+7C4nI0gsmExaedaYLNO44eT4AtBBwjbTiGPMlt2Md0T9H9JQ==",
      "dev": true,
      "license": "MIT"
    },
    "packages/cli": {
      "name": "@latticeag/bond-cli",
      "version": "1.0.0-draft.1",
      "license": "MIT",
      "dependencies": {
        "@latticeag/bond-core": "1.0.0-draft.1",
        "@latticeag/bond-host": "1.0.0-draft.1",
        "@latticeag/bond-sdk": "1.0.0-draft.1"
      }
    },
    "packages/core": {
      "name": "@latticeag/bond-core",
      "version": "1.0.0-draft.1",
      "license": "MIT"
    },
    "packages/host": {
      "name": "@latticeag/bond-host",
      "version": "1.0.0-draft.1",
      "license": "MIT",
      "dependencies": {
        "@latticeag/bond-core": "1.0.0-draft.1"
      }
    },
    "packages/sdk": {
      "name": "@latticeag/bond-sdk",
      "version": "1.0.0-draft.1",
      "license": "MIT",
      "dependencies": {
        "@latticeag/bond-adapters-fixture": "1.0.0-draft.1",
        "@latticeag/bond-adapters-native": "1.0.0-draft.1",
        "@latticeag/bond-core": "1.0.0-draft.1"
      }
    }
  }
}
